
Microsoft Visual Studio Solution File, Format Version 12.00
# Visual Studio 15
VisualStudioVersion = 15.0.28307.539
MinimumVisualStudioVersion = 10.0.40219.1
Project("{FAE04EC0-301F-11D3-BF4B-00C04F79EFBC}") = "Lab7InvalidInputs", "Lab7InvalidInputs\Lab7InvalidInputs.csproj", "{90931310-CD15-4026-8E27-7772AC579C1B}"
EndProject
Global
	GlobalSection(SolutionConfigurationPlatforms) = preSolution
		Debug|Any CPU = Debug|Any CPU
		Release|Any CPU = Release|Any CPU
	EndGlobalSection
	GlobalSection(ProjectConfigurationPlatforms) = postSolution
		{90931310-CD15-4026-8E27-7772AC579C1B}.Debug|Any CPU.ActiveCfg = Debug|Any CPU
		{90931310-CD15-4026-8E27-7772AC579C1B}.Debug|Any CPU.Build.0 = Debug|Any CPU
		{90931310-CD15-4026-8E27-7772AC579C1B}.Release|Any CPU.ActiveCfg = Release|Any CPU
		{90931310-CD15-4026-8E27-7772AC579C1B}.Release|Any CPU.Build.0 = Release|Any CPU
	EndGlobalSection
	GlobalSection(SolutionProperties) = preSolution
		HideSolutionNode = FALSE
	EndGlobalSection
	GlobalSection(ExtensibilityGlobals) = postSolution
		SolutionGuid = {5DCF726E-6046-423E-9464-014244A16D79}
	EndGlobalSection
EndGlobal
